
Microsoft Visual Studio Solution File, Format Version 12.00
# Visual Studio Version 16
VisualStudioVersion = 16.0.30204.135
MinimumVisualStudioVersion = 10.0.40219.1
Project("{FAE04EC0-301F-11D3-BF4B-00C04F79EFBC}") = "UntitledTextGame", "UntitledTextGame\UntitledTextGame.csproj", "{92D58E2A-2E5E-43E9-AF08-E3DD6F5B757C}"
EndProject
Global
	GlobalSection(SolutionConfigurationPlatforms) = preSolution
		Debug|Any CPU = Debug|Any CPU
		Release|Any CPU = Release|Any CPU
	EndGlobalSection
	GlobalSection(ProjectConfigurationPlatforms) = postSolution
		{92D58E2A-2E5E-43E9-AF08-E3DD6F5B757C}.Debug|Any CPU.ActiveCfg = Debug|Any CPU
		{92D58E2A-2E5E-43E9-AF08-E3DD6F5B757C}.Debug|Any CPU.Build.0 = Debug|Any CPU
		{92D58E2A-2E5E-43E9-AF08-E3DD6F5B757C}.Release|Any CPU.ActiveCfg = Release|Any CPU
		{92D58E2A-2E5E-43E9-AF08-E3DD6F5B757C}.Release|Any CPU.Build.0 = Release|Any CPU
	EndGlobalSection
	GlobalSection(SolutionProperties) = preSolution
		HideSolutionNode = FALSE
	EndGlobalSection
	GlobalSection(ExtensibilityGlobals) = postSolution
		SolutionGuid = {5E18FD1F-DD7B-46A5-9423-D629231DFF08}
	EndGlobalSection
EndGlobal
